
Microsoft Visual Studio Solution File, Format Version 12.00
# Visual Studio Version 16
VisualStudioVersion = 16.0.30523.141
MinimumVisualStudioVersion = 10.0.40219.1
Project("{FAE04EC0-301F-11D3-BF4B-00C04F79EFBC}") = "WebApp", "WebApp\WebApp.csproj", "{07BB19FB-A161-48BF-95FC-3894576CAB82}"
EndProject
Global
	GlobalSection(SolutionConfigurationPlatforms) = preSolution
		Debug|Any CPU = Debug|Any CPU
		Release|Any CPU = Release|Any CPU
	EndGlobalSection
	GlobalSection(ProjectConfigurationPlatforms) = postSolution
		{07BB19FB-A161-48BF-95FC-3894576CAB82}.Debug|Any CPU.ActiveCfg = Debug|Any CPU
		{07BB19FB-A161-48BF-95FC-3894576CAB82}.Debug|Any CPU.Build.0 = Debug|Any CPU
		{07BB19FB-A161-48BF-95FC-3894576CAB82}.Release|Any CPU.ActiveCfg = Release|Any CPU
		{07BB19FB-A161-48BF-95FC-3894576CAB82}.Release|Any CPU.Build.0 = Release|Any CPU
	EndGlobalSection
	GlobalSection(SolutionProperties) = preSolution
		HideSolutionNode = FALSE
	EndGlobalSection
	GlobalSection(ExtensibilityGlobals) = postSolution
		SolutionGuid = {98F0581D-0A36-4E02-AEDB-24CC1A2EF954}
	EndGlobalSection
EndGlobal
